
Microsoft Visual Studio Solution File, Format Version 12.00
# Visual Studio Version 17
VisualStudioVersion = 17.13.35931.197 d17.13
MinimumVisualStudioVersion = 10.0.40219.1
Project("{FAE04EC0-301F-11D3-BF4B-00C04F79EFBC}") = "BruteForce", "BruteForce.csproj", "{517CFAF5-B67F-41C8-830F-0C1D397E98DE}"
EndProject
Global
	GlobalSection(SolutionConfigurationPlatforms) = preSolution
		Debug|Any CPU = Debug|Any CPU
		Release|Any CPU = Release|Any CPU
	EndGlobalSection
	GlobalSection(ProjectConfigurationPlatforms) = postSolution
		{517CFAF5-B67F-41C8-830F-0C1D397E98DE}.Debug|Any CPU.ActiveCfg = Debug|Any CPU
		{517CFAF5-B67F-41C8-830F-0C1D397E98DE}.Debug|Any CPU.Build.0 = Debug|Any CPU
		{517CFAF5-B67F-41C8-830F-0C1D397E98DE}.Release|Any CPU.ActiveCfg = Release|Any CPU
		{517CFAF5-B67F-41C8-830F-0C1D397E98DE}.Release|Any CPU.Build.0 = Release|Any CPU
	EndGlobalSection
	GlobalSection(SolutionProperties) = preSolution
		HideSolutionNode = FALSE
	EndGlobalSection
	GlobalSection(ExtensibilityGlobals) = postSolution
		SolutionGuid = {0D94D066-CC9D-4D4A-A2FD-6AB68E3ADBAB}
	EndGlobalSection
EndGlobal
